Microsoft Visual Studio Solution File, Format Version 12.00
# Visual Studio Version 17
VisualStudioVersion = 17.0.31903.59
MinimumVisualStudioVersion = 10.0.40219.1

Project("{2150E333-8FDC-42A3-9474-1A3956D46DE8}") = "Services", "Services", "{E7C8E8B1-8A9E-4F8E-A1B1-8A9E4F8E1B1A}"
EndProject

Project("{2150E333-8FDC-42A3-9474-1A3956D46DE8}") = "ApiGateway", "ApiGateway", "{E7C8E8B1-8A9E-4F8E-A1B1-8A9E4F8E1B1B}"
EndProject

Project("{2150E333-8FDC-42A3-9474-1A3956D46DE8}") = "Shared", "Shared", "{E7C8E8B1-8A9E-4F8E-A1B1-8A9E4F8E1B1C}"
EndProject

Project("{9A19103F-16F7-4668-BE54-9A1E7A4F7556}") = "Identity.Api", "src\Services\Identity\Identity.Api.csproj", "{A1B2C3D4-E5F6-7890-ABCD-EF1234567890}"
EndProject

Project("{9A19103F-16F7-4668-BE54-9A1E7A4F7556}") = "Event.Api", "src\Services\Event\Event.Api.csproj", "{A1B2C3D4-E5F6-7890-ABCD-EF1234567891}"
EndProject

Project("{9A19103F-16F7-4668-BE54-9A1E7A4F7556}") = "Ticketing.Api", "src\Services\Ticketing\Ticketing.Api.csproj", "{A1B2C3D4-E5F6-7890-ABCD-EF1234567892}"
EndProject

Project("{9A19103F-16F7-4668-BE54-9A1E7A4F7556}") = "BlockchainOrchestrator.Worker", "src\Services\BlockchainOrchestrator\BlockchainOrchestrator.Worker.csproj", "{A1B2C3D4-E5F6-7890-ABCD-EF1234567893}"
EndProject

Project("{9A19103F-16F7-4668-BE54-9A1E7A4F7556}") = "ApiGateway", "src\ApiGateway\ApiGateway.csproj", "{A1B2C3D4-E5F6-7890-ABCD-EF1234567897}"
EndProject

Project("{9A19103F-16F7-4668-BE54-9A1E7A4F7556}") = "Shared.Common", "src\Shared\Common\Shared.Common.csproj", "{A1B2C3D4-E5F6-7890-ABCD-EF1234567898}"
EndProject

Project("{9A19103F-16F7-4668-BE54-9A1E7A4F7556}") = "Shared.Contracts", "src\Shared\Contracts\Shared.Contracts.csproj", "{A1B2C3D4-E5F6-7890-ABCD-EF1234567899}"
EndProject

Global
	GlobalSection(SolutionConfigurationPlatforms) = preSolution
		Debug|Any CPU = Debug|Any CPU
		Release|Any CPU = Release|Any CPU
	EndGlobalSection
	GlobalSection(ProjectConfigurationPlatforms) = postSolution
		{A1B2C3D4-E5F6-7890-ABCD-EF1234567890}.Debug|Any CPU.ActiveCfg = Debug|Any CPU
		{A1B2C3D4-E5F6-7890-ABCD-EF1234567890}.Debug|Any CPU.Build.0 = Debug|Any CPU
		{A1B2C3D4-E5F6-7890-ABCD-EF1234567890}.Release|Any CPU.ActiveCfg = Release|Any CPU
		{A1B2C3D4-E5F6-7890-ABCD-EF1234567890}.Release|Any CPU.Build.0 = Release|Any CPU
		{A1B2C3D4-E5F6-7890-ABCD-EF1234567891}.Debug|Any CPU.ActiveCfg = Debug|Any CPU
		{A1B2C3D4-E5F6-7890-ABCD-EF1234567891}.Debug|Any CPU.Build.0 = Debug|Any CPU
		{A1B2C3D4-E5F6-7890-ABCD-EF1234567891}.Release|Any CPU.ActiveCfg = Release|Any CPU
		{A1B2C3D4-E5F6-7890-ABCD-EF1234567891}.Release|Any CPU.Build.0 = Release|Any CPU
		{A1B2C3D4-E5F6-7890-ABCD-EF1234567892}.Debug|Any CPU.ActiveCfg = Debug|Any CPU
		{A1B2C3D4-E5F6-7890-ABCD-EF1234567892}.Debug|Any CPU.Build.0 = Debug|Any CPU
		{A1B2C3D4-E5F6-7890-ABCD-EF1234567892}.Release|Any CPU.ActiveCfg = Release|Any CPU
		{A1B2C3D4-E5F6-7890-ABCD-EF1234567892}.Release|Any CPU.Build.0 = Release|Any CPU
		{A1B2C3D4-E5F6-7890-ABCD-EF1234567893}.Debug|Any CPU.ActiveCfg = Debug|Any CPU
		{A1B2C3D4-E5F6-7890-ABCD-EF1234567893}.Debug|Any CPU.Build.0 = Debug|Any CPU
		{A1B2C3D4-E5F6-7890-ABCD-EF1234567893}.Release|Any CPU.ActiveCfg = Release|Any CPU
		{A1B2C3D4-E5F6-7890-ABCD-EF1234567893}.Release|Any CPU.Build.0 = Release|Any CPU
		{A1B2C3D4-E5F6-7890-ABCD-EF1234567897}.Debug|Any CPU.ActiveCfg = Debug|Any CPU
		{A1B2C3D4-E5F6-7890-ABCD-EF1234567897}.Debug|Any CPU.Build.0 = Debug|Any CPU
		{A1B2C3D4-E5F6-7890-ABCD-EF1234567897}.Release|Any CPU.ActiveCfg = Release|Any CPU
		{A1B2C3D4-E5F6-7890-ABCD-EF1234567897}.Release|Any CPU.Build.0 = Release|Any CPU
		{A1B2C3D4-E5F6-7890-ABCD-EF1234567898}.Debug|Any CPU.ActiveCfg = Debug|Any CPU
		{A1B2C3D4-E5F6-7890-ABCD-EF1234567898}.Debug|Any CPU.Build.0 = Debug|Any CPU
		{A1B2C3D4-E5F6-7890-ABCD-EF1234567898}.Release|Any CPU.ActiveCfg = Release|Any CPU
		{A1B2C3D4-E5F6-7890-ABCD-EF1234567898}.Release|Any CPU.Build.0 = Release|Any CPU
		{A1B2C3D4-E5F6-7890-ABCD-EF1234567899}.Debug|Any CPU.ActiveCfg = Debug|Any CPU
		{A1B2C3D4-E5F6-7890-ABCD-EF1234567899}.Debug|Any CPU.Build.0 = Debug|Any CPU
		{A1B2C3D4-E5F6-7890-ABCD-EF1234567899}.Release|Any CPU.ActiveCfg = Release|Any CPU
		{A1B2C3D4-E5F6-7890-ABCD-EF1234567899}.Release|Any CPU.Build.0 = Release|Any CPU
	EndGlobalSection
	GlobalSection(SolutionProperties) = preSolution
		HideSolutionNode = FALSE
	EndGlobalSection
	GlobalSection(NestedProjects) = preSolution
		{A1B2C3D4-E5F6-7890-ABCD-EF1234567890} = {E7C8E8B1-8A9E-4F8E-A1B1-8A9E4F8E1B1A}
		{A1B2C3D4-E5F6-7890-ABCD-EF1234567891} = {E7C8E8B1-8A9E-4F8E-A1B1-8A9E4F8E1B1A}
		{A1B2C3D4-E5F6-7890-ABCD-EF1234567892} = {E7C8E8B1-8A9E-4F8E-A1B1-8A9E4F8E1B1A}
		{A1B2C3D4-E5F6-7890-ABCD-EF1234567893} = {E7C8E8B1-8A9E-4F8E-A1B1-8A9E4F8E1B1A}
		{A1B2C3D4-E5F6-7890-ABCD-EF1234567897} = {E7C8E8B1-8A9E-4F8E-A1B1-8A9E4F8E1B1B}
		{A1B2C3D4-E5F6-7890-ABCD-EF1234567898} = {E7C8E8B1-8A9E-4F8E-A1B1-8A9E4F8E1B1C}
		{A1B2C3D4-E5F6-7890-ABCD-EF1234567899} = {E7C8E8B1-8A9E-4F8E-A1B1-8A9E4F8E1B1C}
	EndGlobalSection
	GlobalSection(ExtensibilityGlobals) = postSolution
		SolutionGuid = {12345678-1234-1234-1234-123456789012}
	EndGlobalSection
EndGlobal
