
Microsoft Visual Studio Solution File, Format Version 12.00
# Visual Studio Version 17
VisualStudioVersion = 17.0.31903.59
MinimumVisualStudioVersion = 10.0.40219.1
Project("{2150E333-8FDC-42A3-9474-1A3956D46DE8}") = "Services", "Services", "{E7C8E8B1-8A9E-4F8E-A1B1-8A9E4F8E1B1A}"
EndProject
Project("{2150E333-8FDC-42A3-9474-1A3956D46DE8}") = "ApiGateway", "ApiGateway", "{E7C8E8B1-8A9E-4F8E-A1B1-8A9E4F8E1B1B}"
EndProject
Project("{2150E333-8FDC-42A3-9474-1A3956D46DE8}") = "Shared", "Shared", "{E7C8E8B1-8A9E-4F8E-A1B1-8A9E4F8E1B1C}"
EndProject
Project("{9A19103F-16F7-4668-BE54-9A1E7A4F7556}") = "Identity.API", "src\Services\Identity\Identity.API\Identity.API.csproj", "{A1B2C3D4-E5F6-7890-ABCD-EF1234567890}"
EndProject
Project("{9A19103F-16F7-4668-BE54-9A1E7A4F7556}") = "Event.API", "src\Services\Event\Event.API\Event.API.csproj", "{A1B2C3D4-E5F6-7890-ABCD-EF1234567891}"
EndProject
Project("{9A19103F-16F7-4668-BE54-9A1E7A4F7556}") = "Ticketing.Api", "src\Services\Ticketing\Ticketing.Api.csproj", "{A1B2C3D4-E5F6-7890-ABCD-EF1234567892}"
EndProject
Project("{9A19103F-16F7-4668-BE54-9A1E7A4F7556}") = "ApiGateway", "src\ApiGateway\ApiGateway.csproj", "{A1B2C3D4-E5F6-7890-ABCD-EF1234567897}"
EndProject
Project("{9A19103F-16F7-4668-BE54-9A1E7A4F7556}") = "Shared.Common", "src\Shared\Common\Shared.Common.csproj", "{A1B2C3D4-E5F6-7890-ABCD-EF1234567898}"
EndProject
Project("{9A19103F-16F7-4668-BE54-9A1E7A4F7556}") = "Shared.Contracts", "src\Shared\Contracts\Shared.Contracts.csproj", "{A1B2C3D4-E5F6-7890-ABCD-EF1234567899}"
EndProject
Project("{2150E333-8FDC-42A3-9474-1A3956D46DE8}") = "src", "src", "{827E0CD3-B72D-47B6-A68D-7590B98EB39B}"
EndProject
Project("{2150E333-8FDC-42A3-9474-1A3956D46DE8}") = "Services", "Services", "{984BB9B3-3FA3-BE33-9484-CAC21695A33C}"
EndProject
Project("{2150E333-8FDC-42A3-9474-1A3956D46DE8}") = "Event", "Event", "{28A3E708-8C15-FAD7-9448-763F879BC003}"
EndProject
Project("{FAE04EC0-301F-11D3-BF4B-00C04F79EFBC}") = "Event.API.IntegrationTests", "src\Services\Event\Event.API.IntegrationTests\Event.API.IntegrationTests.csproj", "{3E114B62-BCE1-4C6A-BBFC-6EB2317B54E4}"
EndProject
Project("{2150E333-8FDC-42A3-9474-1A3956D46DE8}") = "Ticketing", "Ticketing", "{82CD5D9D-4CA2-4922-8E2F-DEF86815EA51}"
EndProject
Project("{FAE04EC0-301F-11D3-BF4B-00C04F79EFBC}") = "Ticketing.Domain", "src\Services\Ticketing\Ticketing.Domain\Ticketing.Domain.csproj", "{8F2B3152-A20D-46E3-84BB-13B0FD19B63F}"
EndProject
Project("{FAE04EC0-301F-11D3-BF4B-00C04F79EFBC}") = "Ticketing.Application", "src\Services\Ticketing\Ticketing.Application\Ticketing.Application.csproj", "{32F1A1F4-363B-4767-9A65-2739B9A3DB2D}"
EndProject
Project("{FAE04EC0-301F-11D3-BF4B-00C04F79EFBC}") = "Ticketing.Infrastructure", "src\Services\Ticketing\Ticketing.Infrastructure\Ticketing.Infrastructure.csproj", "{77B229C9-0ED4-40DD-9BC5-C48BFDAA2FC7}"
EndProject
Project("{FAE04EC0-301F-11D3-BF4B-00C04F79EFBC}") = "BlockchainOrchestrator", "src\Services\BlockchainOrchestrator\BlockchainOrchestrator.csproj", "{49807777-E105-4531-BE46-CD78BAD2A476}"
EndProject
Project("{FAE04EC0-301F-11D3-BF4B-00C04F79EFBC}") = "Notification", "src\Services\Notification\Notification.csproj", "{5BE06458-46E9-4F42-8995-DAA9B4347427}"
EndProject
Project("{FAE04EC0-301F-11D3-BF4B-00C04F79EFBC}") = "Verification.Api", "src\Services\Verification\Verification.Api.csproj", "{C9EE46FC-1EC4-42F1-B2AB-CE5A87A7B8FE}"
EndProject
Project("{FAE04EC0-301F-11D3-BF4B-00C04F79EFBC}") = "Ticketing.Tests", "src\Services\Ticketing\Ticketing.Tests\Ticketing.Tests.csproj", "{8217558F-E3C8-4916-87EE-C1C1A3038001}"
EndProject
Project("{2150E333-8FDC-42A3-9474-1A3956D46DE8}") = "Shared", "Shared", "{6AD292C5-8C3D-4329-83F2-6C8FC182EF2B}"
EndProject
Project("{FAE04EC0-301F-11D3-BF4B-00C04F79EFBC}") = "Shared.Contracts.Tests", "src\Shared\Contracts.Tests\Shared.Contracts.Tests.csproj", "{10BB82CF-A6E3-4A80-A3E8-2C16AD5D64AE}"
EndProject
Global
	GlobalSection(SolutionConfigurationPlatforms) = preSolution
		Debug|Any CPU = Debug|Any CPU
		Debug|x64 = Debug|x64
		Debug|x86 = Debug|x86
		Release|Any CPU = Release|Any CPU
		Release|x64 = Release|x64
		Release|x86 = Release|x86
	EndGlobalSection
	GlobalSection(ProjectConfigurationPlatforms) = postSolution
		{A1B2C3D4-E5F6-7890-ABCD-EF1234567890}.Debug|Any CPU.ActiveCfg = Debug|Any CPU
		{A1B2C3D4-E5F6-7890-ABCD-EF1234567890}.Debug|Any CPU.Build.0 = Debug|Any CPU
		{A1B2C3D4-E5F6-7890-ABCD-EF1234567890}.Debug|x64.ActiveCfg = Debug|Any CPU
		{A1B2C3D4-E5F6-7890-ABCD-EF1234567890}.Debug|x64.Build.0 = Debug|Any CPU
		{A1B2C3D4-E5F6-7890-ABCD-EF1234567890}.Debug|x86.ActiveCfg = Debug|Any CPU
		{A1B2C3D4-E5F6-7890-ABCD-EF1234567890}.Debug|x86.Build.0 = Debug|Any CPU
		{A1B2C3D4-E5F6-7890-ABCD-EF1234567890}.Release|Any CPU.ActiveCfg = Release|Any CPU
		{A1B2C3D4-E5F6-7890-ABCD-EF1234567890}.Release|Any CPU.Build.0 = Release|Any CPU
		{A1B2C3D4-E5F6-7890-ABCD-EF1234567890}.Release|x64.ActiveCfg = Release|Any CPU
		{A1B2C3D4-E5F6-7890-ABCD-EF1234567890}.Release|x64.Build.0 = Release|Any CPU
		{A1B2C3D4-E5F6-7890-ABCD-EF1234567890}.Release|x86.ActiveCfg = Release|Any CPU
		{A1B2C3D4-E5F6-7890-ABCD-EF1234567890}.Release|x86.Build.0 = Release|Any CPU
		{A1B2C3D4-E5F6-7890-ABCD-EF1234567891}.Debug|Any CPU.ActiveCfg = Debug|Any CPU
		{A1B2C3D4-E5F6-7890-ABCD-EF1234567891}.Debug|Any CPU.Build.0 = Debug|Any CPU
		{A1B2C3D4-E5F6-7890-ABCD-EF1234567891}.Debug|x64.ActiveCfg = Debug|Any CPU
		{A1B2C3D4-E5F6-7890-ABCD-EF1234567891}.Debug|x64.Build.0 = Debug|Any CPU
		{A1B2C3D4-E5F6-7890-ABCD-EF1234567891}.Debug|x86.ActiveCfg = Debug|Any CPU
		{A1B2C3D4-E5F6-7890-ABCD-EF1234567891}.Debug|x86.Build.0 = Debug|Any CPU
		{A1B2C3D4-E5F6-7890-ABCD-EF1234567891}.Release|Any CPU.ActiveCfg = Release|Any CPU
		{A1B2C3D4-E5F6-7890-ABCD-EF1234567891}.Release|Any CPU.Build.0 = Release|Any CPU
		{A1B2C3D4-E5F6-7890-ABCD-EF1234567891}.Release|x64.ActiveCfg = Release|Any CPU
		{A1B2C3D4-E5F6-7890-ABCD-EF1234567891}.Release|x64.Build.0 = Release|Any CPU
		{A1B2C3D4-E5F6-7890-ABCD-EF1234567891}.Release|x86.ActiveCfg = Release|Any CPU
		{A1B2C3D4-E5F6-7890-ABCD-EF1234567891}.Release|x86.Build.0 = Release|Any CPU
		{A1B2C3D4-E5F6-7890-ABCD-EF1234567892}.Debug|Any CPU.ActiveCfg = Debug|Any CPU
		{A1B2C3D4-E5F6-7890-ABCD-EF1234567892}.Debug|Any CPU.Build.0 = Debug|Any CPU
		{A1B2C3D4-E5F6-7890-ABCD-EF1234567892}.Debug|x64.ActiveCfg = Debug|Any CPU
		{A1B2C3D4-E5F6-7890-ABCD-EF1234567892}.Debug|x64.Build.0 = Debug|Any CPU
		{A1B2C3D4-E5F6-7890-ABCD-EF1234567892}.Debug|x86.ActiveCfg = Debug|Any CPU
		{A1B2C3D4-E5F6-7890-ABCD-EF1234567892}.Debug|x86.Build.0 = Debug|Any CPU
		{A1B2C3D4-E5F6-7890-ABCD-EF1234567892}.Release|Any CPU.ActiveCfg = Release|Any CPU
		{A1B2C3D4-E5F6-7890-ABCD-EF1234567892}.Release|Any CPU.Build.0 = Release|Any CPU
		{A1B2C3D4-E5F6-7890-ABCD-EF1234567892}.Release|x64.ActiveCfg = Release|Any CPU
		{A1B2C3D4-E5F6-7890-ABCD-EF1234567892}.Release|x64.Build.0 = Release|Any CPU
		{A1B2C3D4-E5F6-7890-ABCD-EF1234567892}.Release|x86.ActiveCfg = Release|Any CPU
		{A1B2C3D4-E5F6-7890-ABCD-EF1234567892}.Release|x86.Build.0 = Release|Any CPU
		{A1B2C3D4-E5F6-7890-ABCD-EF1234567893}.Debug|Any CPU.ActiveCfg = Debug|Any CPU
		{A1B2C3D4-E5F6-7890-ABCD-EF1234567893}.Debug|Any CPU.Build.0 = Debug|Any CPU
		{A1B2C3D4-E5F6-7890-ABCD-EF1234567893}.Debug|x64.ActiveCfg = Debug|Any CPU
		{A1B2C3D4-E5F6-7890-ABCD-EF1234567893}.Debug|x64.Build.0 = Debug|Any CPU
		{A1B2C3D4-E5F6-7890-ABCD-EF1234567893}.Debug|x86.ActiveCfg = Debug|Any CPU
		{A1B2C3D4-E5F6-7890-ABCD-EF1234567893}.Debug|x86.Build.0 = Debug|Any CPU
		{A1B2C3D4-E5F6-7890-ABCD-EF1234567893}.Release|Any CPU.ActiveCfg = Release|Any CPU
		{A1B2C3D4-E5F6-7890-ABCD-EF1234567893}.Release|Any CPU.Build.0 = Release|Any CPU
		{A1B2C3D4-E5F6-7890-ABCD-EF1234567893}.Release|x64.ActiveCfg = Release|Any CPU
		{A1B2C3D4-E5F6-7890-ABCD-EF1234567893}.Release|x64.Build.0 = Release|Any CPU
		{A1B2C3D4-E5F6-7890-ABCD-EF1234567893}.Release|x86.ActiveCfg = Release|Any CPU
		{A1B2C3D4-E5F6-7890-ABCD-EF1234567893}.Release|x86.Build.0 = Release|Any CPU
		{A1B2C3D4-E5F6-7890-ABCD-EF1234567897}.Debug|Any CPU.ActiveCfg = Debug|Any CPU
		{A1B2C3D4-E5F6-7890-ABCD-EF1234567897}.Debug|Any CPU.Build.0 = Debug|Any CPU
		{A1B2C3D4-E5F6-7890-ABCD-EF1234567897}.Debug|x64.ActiveCfg = Debug|Any CPU
		{A1B2C3D4-E5F6-7890-ABCD-EF1234567897}.Debug|x64.Build.0 = Debug|Any CPU
		{A1B2C3D4-E5F6-7890-ABCD-EF1234567897}.Debug|x86.ActiveCfg = Debug|Any CPU
		{A1B2C3D4-E5F6-7890-ABCD-EF1234567897}.Debug|x86.Build.0 = Debug|Any CPU
		{A1B2C3D4-E5F6-7890-ABCD-EF1234567897}.Release|Any CPU.ActiveCfg = Release|Any CPU
		{A1B2C3D4-E5F6-7890-ABCD-EF1234567897}.Release|Any CPU.Build.0 = Release|Any CPU
		{A1B2C3D4-E5F6-7890-ABCD-EF1234567897}.Release|x64.ActiveCfg = Release|Any CPU
		{A1B2C3D4-E5F6-7890-ABCD-EF1234567897}.Release|x64.Build.0 = Release|Any CPU
		{A1B2C3D4-E5F6-7890-ABCD-EF1234567897}.Release|x86.ActiveCfg = Release|Any CPU
		{A1B2C3D4-E5F6-7890-ABCD-EF1234567897}.Release|x86.Build.0 = Release|Any CPU
		{A1B2C3D4-E5F6-7890-ABCD-EF1234567898}.Debug|Any CPU.ActiveCfg = Debug|Any CPU
		{A1B2C3D4-E5F6-7890-ABCD-EF1234567898}.Debug|Any CPU.Build.0 = Debug|Any CPU
		{A1B2C3D4-E5F6-7890-ABCD-EF1234567898}.Debug|x64.ActiveCfg = Debug|Any CPU
		{A1B2C3D4-E5F6-7890-ABCD-EF1234567898}.Debug|x64.Build.0 = Debug|Any CPU
		{A1B2C3D4-E5F6-7890-ABCD-EF1234567898}.Debug|x86.ActiveCfg = Debug|Any CPU
		{A1B2C3D4-E5F6-7890-ABCD-EF1234567898}.Debug|x86.Build.0 = Debug|Any CPU
		{A1B2C3D4-E5F6-7890-ABCD-EF1234567898}.Release|Any CPU.ActiveCfg = Release|Any CPU
		{A1B2C3D4-E5F6-7890-ABCD-EF1234567898}.Release|Any CPU.Build.0 = Release|Any CPU
		{A1B2C3D4-E5F6-7890-ABCD-EF1234567898}.Release|x64.ActiveCfg = Release|Any CPU
		{A1B2C3D4-E5F6-7890-ABCD-EF1234567898}.Release|x64.Build.0 = Release|Any CPU
		{A1B2C3D4-E5F6-7890-ABCD-EF1234567898}.Release|x86.ActiveCfg = Release|Any CPU
		{A1B2C3D4-E5F6-7890-ABCD-EF1234567898}.Release|x86.Build.0 = Release|Any CPU
		{A1B2C3D4-E5F6-7890-ABCD-EF1234567899}.Debug|Any CPU.ActiveCfg = Debug|Any CPU
		{A1B2C3D4-E5F6-7890-ABCD-EF1234567899}.Debug|Any CPU.Build.0 = Debug|Any CPU
		{A1B2C3D4-E5F6-7890-ABCD-EF1234567899}.Debug|x64.ActiveCfg = Debug|Any CPU
		{A1B2C3D4-E5F6-7890-ABCD-EF1234567899}.Debug|x64.Build.0 = Debug|Any CPU
		{A1B2C3D4-E5F6-7890-ABCD-EF1234567899}.Debug|x86.ActiveCfg = Debug|Any CPU
		{A1B2C3D4-E5F6-7890-ABCD-EF1234567899}.Debug|x86.Build.0 = Debug|Any CPU
		{A1B2C3D4-E5F6-7890-ABCD-EF1234567899}.Release|Any CPU.ActiveCfg = Release|Any CPU
		{A1B2C3D4-E5F6-7890-ABCD-EF1234567899}.Release|Any CPU.Build.0 = Release|Any CPU
		{A1B2C3D4-E5F6-7890-ABCD-EF1234567899}.Release|x64.ActiveCfg = Release|Any CPU
		{A1B2C3D4-E5F6-7890-ABCD-EF1234567899}.Release|x64.Build.0 = Release|Any CPU
		{A1B2C3D4-E5F6-7890-ABCD-EF1234567899}.Release|x86.ActiveCfg = Release|Any CPU
		{A1B2C3D4-E5F6-7890-ABCD-EF1234567899}.Release|x86.Build.0 = Release|Any CPU
		{3E114B62-BCE1-4C6A-BBFC-6EB2317B54E4}.Debug|Any CPU.ActiveCfg = Debug|Any CPU
		{3E114B62-BCE1-4C6A-BBFC-6EB2317B54E4}.Debug|Any CPU.Build.0 = Debug|Any CPU
		{3E114B62-BCE1-4C6A-BBFC-6EB2317B54E4}.Debug|x64.ActiveCfg = Debug|Any CPU
		{3E114B62-BCE1-4C6A-BBFC-6EB2317B54E4}.Debug|x64.Build.0 = Debug|Any CPU
		{3E114B62-BCE1-4C6A-BBFC-6EB2317B54E4}.Debug|x86.ActiveCfg = Debug|Any CPU
		{3E114B62-BCE1-4C6A-BBFC-6EB2317B54E4}.Debug|x86.Build.0 = Debug|Any CPU
		{3E114B62-BCE1-4C6A-BBFC-6EB2317B54E4}.Release|Any CPU.ActiveCfg = Release|Any CPU
		{3E114B62-BCE1-4C6A-BBFC-6EB2317B54E4}.Release|Any CPU.Build.0 = Release|Any CPU
		{3E114B62-BCE1-4C6A-BBFC-6EB2317B54E4}.Release|x64.ActiveCfg = Release|Any CPU
		{3E114B62-BCE1-4C6A-BBFC-6EB2317B54E4}.Release|x64.Build.0 = Release|Any CPU
		{3E114B62-BCE1-4C6A-BBFC-6EB2317B54E4}.Release|x86.ActiveCfg = Release|Any CPU
		{3E114B62-BCE1-4C6A-BBFC-6EB2317B54E4}.Release|x86.Build.0 = Release|Any CPU
		{8F2B3152-A20D-46E3-84BB-13B0FD19B63F}.Debug|Any CPU.ActiveCfg = Debug|Any CPU
		{8F2B3152-A20D-46E3-84BB-13B0FD19B63F}.Debug|Any CPU.Build.0 = Debug|Any CPU
		{8F2B3152-A20D-46E3-84BB-13B0FD19B63F}.Debug|x64.ActiveCfg = Debug|Any CPU
		{8F2B3152-A20D-46E3-84BB-13B0FD19B63F}.Debug|x64.Build.0 = Debug|Any CPU
		{8F2B3152-A20D-46E3-84BB-13B0FD19B63F}.Debug|x86.ActiveCfg = Debug|Any CPU
		{8F2B3152-A20D-46E3-84BB-13B0FD19B63F}.Debug|x86.Build.0 = Debug|Any CPU
		{8F2B3152-A20D-46E3-84BB-13B0FD19B63F}.Release|Any CPU.ActiveCfg = Release|Any CPU
		{8F2B3152-A20D-46E3-84BB-13B0FD19B63F}.Release|Any CPU.Build.0 = Release|Any CPU
		{8F2B3152-A20D-46E3-84BB-13B0FD19B63F}.Release|x64.ActiveCfg = Release|Any CPU
		{8F2B3152-A20D-46E3-84BB-13B0FD19B63F}.Release|x64.Build.0 = Release|Any CPU
		{8F2B3152-A20D-46E3-84BB-13B0FD19B63F}.Release|x86.ActiveCfg = Release|Any CPU
		{8F2B3152-A20D-46E3-84BB-13B0FD19B63F}.Release|x86.Build.0 = Release|Any CPU
		{32F1A1F4-363B-4767-9A65-2739B9A3DB2D}.Debug|Any CPU.ActiveCfg = Debug|Any CPU
		{32F1A1F4-363B-4767-9A65-2739B9A3DB2D}.Debug|Any CPU.Build.0 = Debug|Any CPU
		{32F1A1F4-363B-4767-9A65-2739B9A3DB2D}.Debug|x64.ActiveCfg = Debug|Any CPU
		{32F1A1F4-363B-4767-9A65-2739B9A3DB2D}.Debug|x64.Build.0 = Debug|Any CPU
		{32F1A1F4-363B-4767-9A65-2739B9A3DB2D}.Debug|x86.ActiveCfg = Debug|Any CPU
		{32F1A1F4-363B-4767-9A65-2739B9A3DB2D}.Debug|x86.Build.0 = Debug|Any CPU
		{32F1A1F4-363B-4767-9A65-2739B9A3DB2D}.Release|Any CPU.ActiveCfg = Release|Any CPU
		{32F1A1F4-363B-4767-9A65-2739B9A3DB2D}.Release|Any CPU.Build.0 = Release|Any CPU
		{32F1A1F4-363B-4767-9A65-2739B9A3DB2D}.Release|x64.ActiveCfg = Release|Any CPU
		{32F1A1F4-363B-4767-9A65-2739B9A3DB2D}.Release|x64.Build.0 = Release|Any CPU
		{32F1A1F4-363B-4767-9A65-2739B9A3DB2D}.Release|x86.ActiveCfg = Release|Any CPU
		{32F1A1F4-363B-4767-9A65-2739B9A3DB2D}.Release|x86.Build.0 = Release|Any CPU
		{77B229C9-0ED4-40DD-9BC5-C48BFDAA2FC7}.Debug|Any CPU.ActiveCfg = Debug|Any CPU
		{77B229C9-0ED4-40DD-9BC5-C48BFDAA2FC7}.Debug|Any CPU.Build.0 = Debug|Any CPU
		{77B229C9-0ED4-40DD-9BC5-C48BFDAA2FC7}.Debug|x64.ActiveCfg = Debug|Any CPU
		{77B229C9-0ED4-40DD-9BC5-C48BFDAA2FC7}.Debug|x64.Build.0 = Debug|Any CPU
		{77B229C9-0ED4-40DD-9BC5-C48BFDAA2FC7}.Debug|x86.ActiveCfg = Debug|Any CPU
		{77B229C9-0ED4-40DD-9BC5-C48BFDAA2FC7}.Debug|x86.Build.0 = Debug|Any CPU
		{77B229C9-0ED4-40DD-9BC5-C48BFDAA2FC7}.Release|Any CPU.ActiveCfg = Release|Any CPU
		{77B229C9-0ED4-40DD-9BC5-C48BFDAA2FC7}.Release|Any CPU.Build.0 = Release|Any CPU
		{77B229C9-0ED4-40DD-9BC5-C48BFDAA2FC7}.Release|x64.ActiveCfg = Release|Any CPU
		{77B229C9-0ED4-40DD-9BC5-C48BFDAA2FC7}.Release|x64.Build.0 = Release|Any CPU
		{77B229C9-0ED4-40DD-9BC5-C48BFDAA2FC7}.Release|x86.ActiveCfg = Release|Any CPU
		{77B229C9-0ED4-40DD-9BC5-C48BFDAA2FC7}.Release|x86.Build.0 = Release|Any CPU
		{49807777-E105-4531-BE46-CD78BAD2A476}.Debug|Any CPU.ActiveCfg = Debug|Any CPU
		{49807777-E105-4531-BE46-CD78BAD2A476}.Debug|Any CPU.Build.0 = Debug|Any CPU
		{49807777-E105-4531-BE46-CD78BAD2A476}.Debug|x64.ActiveCfg = Debug|Any CPU
		{49807777-E105-4531-BE46-CD78BAD2A476}.Debug|x64.Build.0 = Debug|Any CPU
		{49807777-E105-4531-BE46-CD78BAD2A476}.Debug|x86.ActiveCfg = Debug|Any CPU
		{49807777-E105-4531-BE46-CD78BAD2A476}.Debug|x86.Build.0 = Debug|Any CPU
		{49807777-E105-4531-BE46-CD78BAD2A476}.Release|Any CPU.ActiveCfg = Release|Any CPU
		{49807777-E105-4531-BE46-CD78BAD2A476}.Release|Any CPU.Build.0 = Release|Any CPU
		{49807777-E105-4531-BE46-CD78BAD2A476}.Release|x64.ActiveCfg = Release|Any CPU
		{49807777-E105-4531-BE46-CD78BAD2A476}.Release|x64.Build.0 = Release|Any CPU
		{49807777-E105-4531-BE46-CD78BAD2A476}.Release|x86.ActiveCfg = Release|Any CPU
		{49807777-E105-4531-BE46-CD78BAD2A476}.Release|x86.Build.0 = Release|Any CPU
		{5BE06458-46E9-4F42-8995-DAA9B4347427}.Debug|Any CPU.ActiveCfg = Debug|Any CPU
		{5BE06458-46E9-4F42-8995-DAA9B4347427}.Debug|Any CPU.Build.0 = Debug|Any CPU
		{5BE06458-46E9-4F42-8995-DAA9B4347427}.Debug|x64.ActiveCfg = Debug|Any CPU
		{5BE06458-46E9-4F42-8995-DAA9B4347427}.Debug|x64.Build.0 = Debug|Any CPU
		{5BE06458-46E9-4F42-8995-DAA9B4347427}.Debug|x86.ActiveCfg = Debug|Any CPU
		{5BE06458-46E9-4F42-8995-DAA9B4347427}.Debug|x86.Build.0 = Debug|Any CPU
		{5BE06458-46E9-4F42-8995-DAA9B4347427}.Release|Any CPU.ActiveCfg = Release|Any CPU
		{5BE06458-46E9-4F42-8995-DAA9B4347427}.Release|Any CPU.Build.0 = Release|Any CPU
		{5BE06458-46E9-4F42-8995-DAA9B4347427}.Release|x64.ActiveCfg = Release|Any CPU
		{5BE06458-46E9-4F42-8995-DAA9B4347427}.Release|x64.Build.0 = Release|Any CPU
		{5BE06458-46E9-4F42-8995-DAA9B4347427}.Release|x86.ActiveCfg = Release|Any CPU
		{5BE06458-46E9-4F42-8995-DAA9B4347427}.Release|x86.Build.0 = Release|Any CPU
		{C9EE46FC-1EC4-42F1-B2AB-CE5A87A7B8FE}.Debug|Any CPU.ActiveCfg = Debug|Any CPU
		{C9EE46FC-1EC4-42F1-B2AB-CE5A87A7B8FE}.Debug|Any CPU.Build.0 = Debug|Any CPU
		{C9EE46FC-1EC4-42F1-B2AB-CE5A87A7B8FE}.Debug|x64.ActiveCfg = Debug|Any CPU
		{C9EE46FC-1EC4-42F1-B2AB-CE5A87A7B8FE}.Debug|x64.Build.0 = Debug|Any CPU
		{C9EE46FC-1EC4-42F1-B2AB-CE5A87A7B8FE}.Debug|x86.ActiveCfg = Debug|Any CPU
		{C9EE46FC-1EC4-42F1-B2AB-CE5A87A7B8FE}.Debug|x86.Build.0 = Debug|Any CPU
		{C9EE46FC-1EC4-42F1-B2AB-CE5A87A7B8FE}.Release|Any CPU.ActiveCfg = Release|Any CPU
		{C9EE46FC-1EC4-42F1-B2AB-CE5A87A7B8FE}.Release|Any CPU.Build.0 = Release|Any CPU
		{C9EE46FC-1EC4-42F1-B2AB-CE5A87A7B8FE}.Release|x64.ActiveCfg = Release|Any CPU
		{C9EE46FC-1EC4-42F1-B2AB-CE5A87A7B8FE}.Release|x64.Build.0 = Release|Any CPU
		{C9EE46FC-1EC4-42F1-B2AB-CE5A87A7B8FE}.Release|x86.ActiveCfg = Release|Any CPU
		{C9EE46FC-1EC4-42F1-B2AB-CE5A87A7B8FE}.Release|x86.Build.0 = Release|Any CPU
		{8217558F-E3C8-4916-87EE-C1C1A3038001}.Debug|Any CPU.ActiveCfg = Debug|Any CPU
		{8217558F-E3C8-4916-87EE-C1C1A3038001}.Debug|Any CPU.Build.0 = Debug|Any CPU
		{8217558F-E3C8-4916-87EE-C1C1A3038001}.Debug|x64.ActiveCfg = Debug|Any CPU
		{8217558F-E3C8-4916-87EE-C1C1A3038001}.Debug|x64.Build.0 = Debug|Any CPU
		{8217558F-E3C8-4916-87EE-C1C1A3038001}.Debug|x86.ActiveCfg = Debug|Any CPU
		{8217558F-E3C8-4916-87EE-C1C1A3038001}.Debug|x86.Build.0 = Debug|Any CPU
		{8217558F-E3C8-4916-87EE-C1C1A3038001}.Release|Any CPU.ActiveCfg = Release|Any CPU
		{8217558F-E3C8-4916-87EE-C1C1A3038001}.Release|Any CPU.Build.0 = Release|Any CPU
		{8217558F-E3C8-4916-87EE-C1C1A3038001}.Release|x64.ActiveCfg = Release|Any CPU
		{8217558F-E3C8-4916-87EE-C1C1A3038001}.Release|x64.Build.0 = Release|Any CPU
		{8217558F-E3C8-4916-87EE-C1C1A3038001}.Release|x86.ActiveCfg = Release|Any CPU
		{8217558F-E3C8-4916-87EE-C1C1A3038001}.Release|x86.Build.0 = Release|Any CPU
		{10BB82CF-A6E3-4A80-A3E8-2C16AD5D64AE}.Debug|Any CPU.ActiveCfg = Debug|Any CPU
		{10BB82CF-A6E3-4A80-A3E8-2C16AD5D64AE}.Debug|Any CPU.Build.0 = Debug|Any CPU
		{10BB82CF-A6E3-4A80-A3E8-2C16AD5D64AE}.Debug|x64.ActiveCfg = Debug|Any CPU
		{10BB82CF-A6E3-4A80-A3E8-2C16AD5D64AE}.Debug|x64.Build.0 = Debug|Any CPU
		{10BB82CF-A6E3-4A80-A3E8-2C16AD5D64AE}.Debug|x86.ActiveCfg = Debug|Any CPU
		{10BB82CF-A6E3-4A80-A3E8-2C16AD5D64AE}.Debug|x86.Build.0 = Debug|Any CPU
		{10BB82CF-A6E3-4A80-A3E8-2C16AD5D64AE}.Release|Any CPU.ActiveCfg = Release|Any CPU
		{10BB82CF-A6E3-4A80-A3E8-2C16AD5D64AE}.Release|Any CPU.Build.0 = Release|Any CPU
		{10BB82CF-A6E3-4A80-A3E8-2C16AD5D64AE}.Release|x64.ActiveCfg = Release|Any CPU
		{10BB82CF-A6E3-4A80-A3E8-2C16AD5D64AE}.Release|x64.Build.0 = Release|Any CPU
		{10BB82CF-A6E3-4A80-A3E8-2C16AD5D64AE}.Release|x86.ActiveCfg = Release|Any CPU
		{10BB82CF-A6E3-4A80-A3E8-2C16AD5D64AE}.Release|x86.Build.0 = Release|Any CPU
	EndGlobalSection
	GlobalSection(SolutionProperties) = preSolution
		HideSolutionNode = FALSE
	EndGlobalSection
	GlobalSection(NestedProjects) = preSolution
		{A1B2C3D4-E5F6-7890-ABCD-EF1234567890} = {E7C8E8B1-8A9E-4F8E-A1B1-8A9E4F8E1B1A}
		{A1B2C3D4-E5F6-7890-ABCD-EF1234567891} = {E7C8E8B1-8A9E-4F8E-A1B1-8A9E4F8E1B1A}
		{A1B2C3D4-E5F6-7890-ABCD-EF1234567892} = {E7C8E8B1-8A9E-4F8E-A1B1-8A9E4F8E1B1A}
		{A1B2C3D4-E5F6-7890-ABCD-EF1234567897} = {E7C8E8B1-8A9E-4F8E-A1B1-8A9E4F8E1B1B}
		{A1B2C3D4-E5F6-7890-ABCD-EF1234567898} = {E7C8E8B1-8A9E-4F8E-A1B1-8A9E4F8E1B1C}
		{A1B2C3D4-E5F6-7890-ABCD-EF1234567899} = {E7C8E8B1-8A9E-4F8E-A1B1-8A9E4F8E1B1C}
		{984BB9B3-3FA3-BE33-9484-CAC21695A33C} = {827E0CD3-B72D-47B6-A68D-7590B98EB39B}
		{28A3E708-8C15-FAD7-9448-763F879BC003} = {984BB9B3-3FA3-BE33-9484-CAC21695A33C}
		{3E114B62-BCE1-4C6A-BBFC-6EB2317B54E4} = {28A3E708-8C15-FAD7-9448-763F879BC003}
		{82CD5D9D-4CA2-4922-8E2F-DEF86815EA51} = {984BB9B3-3FA3-BE33-9484-CAC21695A33C}
		{8F2B3152-A20D-46E3-84BB-13B0FD19B63F} = {82CD5D9D-4CA2-4922-8E2F-DEF86815EA51}
		{32F1A1F4-363B-4767-9A65-2739B9A3DB2D} = {82CD5D9D-4CA2-4922-8E2F-DEF86815EA51}
		{77B229C9-0ED4-40DD-9BC5-C48BFDAA2FC7} = {82CD5D9D-4CA2-4922-8E2F-DEF86815EA51}
		{49807777-E105-4531-BE46-CD78BAD2A476} = {984BB9B3-3FA3-BE33-9484-CAC21695A33C}
		{5BE06458-46E9-4F42-8995-DAA9B4347427} = {984BB9B3-3FA3-BE33-9484-CAC21695A33C}
		{C9EE46FC-1EC4-42F1-B2AB-CE5A87A7B8FE} = {984BB9B3-3FA3-BE33-9484-CAC21695A33C}
		{8217558F-E3C8-4916-87EE-C1C1A3038001} = {82CD5D9D-4CA2-4922-8E2F-DEF86815EA51}
		{6AD292C5-8C3D-4329-83F2-6C8FC182EF2B} = {827E0CD3-B72D-47B6-A68D-7590B98EB39B}
		{10BB82CF-A6E3-4A80-A3E8-2C16AD5D64AE} = {6AD292C5-8C3D-4329-83F2-6C8FC182EF2B}
	EndGlobalSection
	GlobalSection(ExtensibilityGlobals) = postSolution
		SolutionGuid = {12345678-1234-1234-1234-123456789012}
	EndGlobalSection
EndGlobal
